
Microsoft Visual Studio Solution File, Format Version 12.00
# Visual Studio Version 16
VisualStudioVersion = 16.0.28803.156
MinimumVisualStudioVersion = 10.0.40219.1
Project("{FAE04EC0-301F-11D3-BF4B-00C04F79EFBC}") = "HelloWorld", "HelloWorld\HelloWorld.csproj", "{033956D8-45AE-486B-B7C9-4B8237E30A77}"
EndProject
Global
	GlobalSection(SolutionConfigurationPlatforms) = preSolution
		Debug|ARM = Debug|ARM
		Debug|ARM64 = Debug|ARM64
		Debug|x64 = Debug|x64
		Debug|x86 = Debug|x86
		Release|ARM = Release|ARM
		Release|ARM64 = Release|ARM64
		Release|x64 = Release|x64
		Release|x86 = Release|x86
	EndGlobalSection
	GlobalSection(ProjectConfigurationPlatforms) = postSolution
		{033956D8-45AE-486B-B7C9-4B8237E30A77}.Debug|ARM.ActiveCfg = Debug|ARM
		{033956D8-45AE-486B-B7C9-4B8237E30A77}.Debug|ARM.Build.0 = Debug|ARM
		{033956D8-45AE-486B-B7C9-4B8237E30A77}.Debug|ARM.Deploy.0 = Debug|ARM
		{033956D8-45AE-486B-B7C9-4B8237E30A77}.Debug|ARM64.ActiveCfg = Debug|ARM64
		{033956D8-45AE-486B-B7C9-4B8237E30A77}.Debug|ARM64.Build.0 = Debug|ARM64
		{033956D8-45AE-486B-B7C9-4B8237E30A77}.Debug|ARM64.Deploy.0 = Debug|ARM64
		{033956D8-45AE-486B-B7C9-4B8237E30A77}.Debug|x64.ActiveCfg = Debug|x64
		{033956D8-45AE-486B-B7C9-4B8237E30A77}.Debug|x64.Build.0 = Debug|x64
		{033956D8-45AE-486B-B7C9-4B8237E30A77}.Debug|x64.Deploy.0 = Debug|x64
		{033956D8-45AE-486B-B7C9-4B8237E30A77}.Debug|x86.ActiveCfg = Debug|x86
		{033956D8-45AE-486B-B7C9-4B8237E30A77}.Debug|x86.Build.0 = Debug|x86
		{033956D8-45AE-486B-B7C9-4B8237E30A77}.Debug|x86.Deploy.0 = Debug|x86
		{033956D8-45AE-486B-B7C9-4B8237E30A77}.Release|ARM.ActiveCfg = Release|ARM
		{033956D8-45AE-486B-B7C9-4B8237E30A77}.Release|ARM.Build.0 = Release|ARM
		{033956D8-45AE-486B-B7C9-4B8237E30A77}.Release|ARM.Deploy.0 = Release|ARM
		{033956D8-45AE-486B-B7C9-4B8237E30A77}.Release|ARM64.ActiveCfg = Release|ARM64
		{033956D8-45AE-486B-B7C9-4B8237E30A77}.Release|ARM64.Build.0 = Release|ARM64
		{033956D8-45AE-486B-B7C9-4B8237E30A77}.Release|ARM64.Deploy.0 = Release|ARM64
		{033956D8-45AE-486B-B7C9-4B8237E30A77}.Release|x64.ActiveCfg = Release|x64
		{033956D8-45AE-486B-B7C9-4B8237E30A77}.Release|x64.Build.0 = Release|x64
		{033956D8-45AE-486B-B7C9-4B8237E30A77}.Release|x64.Deploy.0 = Release|x64
		{033956D8-45AE-486B-B7C9-4B8237E30A77}.Release|x86.ActiveCfg = Release|x86
		{033956D8-45AE-486B-B7C9-4B8237E30A77}.Release|x86.Build.0 = Release|x86
		{033956D8-45AE-486B-B7C9-4B8237E30A77}.Release|x86.Deploy.0 = Release|x86
	EndGlobalSection
	GlobalSection(SolutionProperties) = preSolution
		HideSolutionNode = FALSE
	EndGlobalSection
	GlobalSection(ExtensibilityGlobals) = postSolution
		SolutionGuid = {CB963E8F-BCCA-4479-BEA0-1150885F99AA}
	EndGlobalSection
EndGlobal
